
Microsoft Visual Studio Solution File, Format Version 12.00
# Visual Studio 2013
VisualStudioVersion = 12.0.30723.0
MinimumVisualStudioVersion = 10.0.40219.1
Project("{FAE04EC0-301F-11D3-BF4B-00C04F79EFBC}") = "OwinOAuthProvidersDemo", "OwinOAuthProvidersDemo\OwinOAuthProvidersDemo.csproj", "{5A438007-0C90-4DAC-BAA1-54A32164067F}"
EndProject
Project("{FAE04EC0-301F-11D3-BF4B-00C04F79EFBC}") = "Owin.Security.Providers", "Owin.Security.Providers\Owin.Security.Providers.csproj", "{6AD9BA00-1330-426D-8BAE-2D3BC0D976E4}"
EndProject
Global
	GlobalSection(SolutionConfigurationPlatforms) = preSolution
		Debug|Any CPU = Debug|Any CPU
		Release|Any CPU = Release|Any CPU
	EndGlobalSection
	GlobalSection(ProjectConfigurationPlatforms) = postSolution
		{5A438007-0C90-4DAC-BAA1-54A32164067F}.Debug|Any CPU.ActiveCfg = Debug|Any CPU
		{5A438007-0C90-4DAC-BAA1-54A32164067F}.Debug|Any CPU.Build.0 = Debug|Any CPU
		{5A438007-0C90-4DAC-BAA1-54A32164067F}.Release|Any CPU.ActiveCfg = Release|Any CPU
		{5A438007-0C90-4DAC-BAA1-54A32164067F}.Release|Any CPU.Build.0 = Release|Any CPU
		{6AD9BA00-1330-426D-8BAE-2D3BC0D976E4}.Debug|Any CPU.ActiveCfg = Debug|Any CPU
		{6AD9BA00-1330-426D-8BAE-2D3BC0D976E4}.Debug|Any CPU.Build.0 = Debug|Any CPU
		{6AD9BA00-1330-426D-8BAE-2D3BC0D976E4}.Release|Any CPU.ActiveCfg = Release|Any CPU
		{6AD9BA00-1330-426D-8BAE-2D3BC0D976E4}.Release|Any CPU.Build.0 = Release|Any CPU
	EndGlobalSection
	GlobalSection(SolutionProperties) = preSolution
		HideSolutionNode = FALSE
	EndGlobalSection
EndGlobal
